
Microsoft Visual Studio Solution File, Format Version 10.00
# Visual C++ Express 2008
Project("{8BC9CEB8-8B4A-11D0-8D11-00A0C91BC942}") = "exception_handling", "exception_handling\exception_handling.vcproj", "{88E52E06-9756-4BD3-A63E-9817A5A7E7C5}"
EndProject
Global
	GlobalSection(SolutionConfigurationPlatforms) = preSolution
		Debug|Win32 = Debug|Win32
		Release|Win32 = Release|Win32
	EndGlobalSection
	GlobalSection(ProjectConfigurationPlatforms) = postSolution
		{88E52E06-9756-4BD3-A63E-9817A5A7E7C5}.Debug|Win32.ActiveCfg = Debug|Win32
		{88E52E06-9756-4BD3-A63E-9817A5A7E7C5}.Debug|Win32.Build.0 = Debug|Win32
		{88E52E06-9756-4BD3-A63E-9817A5A7E7C5}.Release|Win32.ActiveCfg = Release|Win32
		{88E52E06-9756-4BD3-A63E-9817A5A7E7C5}.Release|Win32.Build.0 = Release|Win32
	EndGlobalSection
	GlobalSection(SolutionProperties) = preSolution
		HideSolutionNode = FALSE
	EndGlobalSection
EndGlobal
